{
  "name": "nautilus-builder-web",
  "lockfileVersion": 3,
  "requires": true,
  "packages": {
    "": {
      "name": "nautilus-builder-web",
      "dependencies": {
        "next": "^15.0.0",
        "react": "^19.0.0",
        "react-dom": "^19.0.0"
      },
      "devDependencies": {
        "@playwright/test": "^1.49.0",
        "typescript": "^5.0.0",
        "vitest": "^2.1.0"
      }
    }
  }
}
